
Microsoft Visual Studio Solution File, Format Version 12.00
# Visual Studio Version 16
VisualStudioVersion = 16.0.31410.357
MinimumVisualStudioVersion = 10.0.40219.1
Project("{FAE04EC0-301F-11D3-BF4B-00C04F79EFBC}") = "CRUDExe", "CRUDExe\CRUDExe.csproj", "{848706B5-052D-46FD-95C2-C60D47CE26C7}"
EndProject
Global
	GlobalSection(SolutionConfigurationPlatforms) = preSolution
		Debug|Any CPU = Debug|Any CPU
		Release|Any CPU = Release|Any CPU
	EndGlobalSection
	GlobalSection(ProjectConfigurationPlatforms) = postSolution
		{848706B5-052D-46FD-95C2-C60D47CE26C7}.Debug|Any CPU.ActiveCfg = Debug|Any CPU
		{848706B5-052D-46FD-95C2-C60D47CE26C7}.Debug|Any CPU.Build.0 = Debug|Any CPU
		{848706B5-052D-46FD-95C2-C60D47CE26C7}.Release|Any CPU.ActiveCfg = Release|Any CPU
		{848706B5-052D-46FD-95C2-C60D47CE26C7}.Release|Any CPU.Build.0 = Release|Any CPU
	EndGlobalSection
	GlobalSection(SolutionProperties) = preSolution
		HideSolutionNode = FALSE
	EndGlobalSection
	GlobalSection(ExtensibilityGlobals) = postSolution
		SolutionGuid = {EF3336FE-3E57-4CE4-923B-44293AA4E4F7}
	EndGlobalSection
EndGlobal
